
Microsoft Visual Studio Solution File, Format Version 12.00
# Visual Studio 14
VisualStudioVersion = 14.0.22823.1
MinimumVisualStudioVersion = 10.0.40219.1
Project("{FAE04EC0-301F-11D3-BF4B-00C04F79EFBC}") = "MoviesPreprocessor", "MoviesPreprocessor\MoviesPreprocessor.csproj", "{423409D0-3957-4170-BB4B-BCE036DB7D91}"
EndProject
Project("{FAE04EC0-301F-11D3-BF4B-00C04F79EFBC}") = "DataTypes", "DataTypes\DataTypes.csproj", "{D7088DA0-52A0-4F7E-9F4F-7D67C06ABB32}"
EndProject
Project("{FAE04EC0-301F-11D3-BF4B-00C04F79EFBC}") = "DataTypes.Tests", "DataTypes.Tests\DataTypes.Tests.csproj", "{0A6F4600-B60E-4E29-A2D9-D9D84DC1C509}"
EndProject
Project("{FAE04EC0-301F-11D3-BF4B-00C04F79EFBC}") = "ActorDegrees.Web", "ActorDegrees.Web\ActorDegrees.Web.csproj", "{49DC9B85-615E-47B4-86E4-28A607FA4DC2}"
EndProject
Global
	GlobalSection(SolutionConfigurationPlatforms) = preSolution
		Debug|Any CPU = Debug|Any CPU
		Release|Any CPU = Release|Any CPU
	EndGlobalSection
	GlobalSection(ProjectConfigurationPlatforms) = postSolution
		{423409D0-3957-4170-BB4B-BCE036DB7D91}.Debug|Any CPU.ActiveCfg = Debug|Any CPU
		{423409D0-3957-4170-BB4B-BCE036DB7D91}.Debug|Any CPU.Build.0 = Debug|Any CPU
		{423409D0-3957-4170-BB4B-BCE036DB7D91}.Release|Any CPU.ActiveCfg = Release|Any CPU
		{423409D0-3957-4170-BB4B-BCE036DB7D91}.Release|Any CPU.Build.0 = Release|Any CPU
		{D7088DA0-52A0-4F7E-9F4F-7D67C06ABB32}.Debug|Any CPU.ActiveCfg = Debug|Any CPU
		{D7088DA0-52A0-4F7E-9F4F-7D67C06ABB32}.Debug|Any CPU.Build.0 = Debug|Any CPU
		{D7088DA0-52A0-4F7E-9F4F-7D67C06ABB32}.Release|Any CPU.ActiveCfg = Release|Any CPU
		{D7088DA0-52A0-4F7E-9F4F-7D67C06ABB32}.Release|Any CPU.Build.0 = Release|Any CPU
		{0A6F4600-B60E-4E29-A2D9-D9D84DC1C509}.Debug|Any CPU.ActiveCfg = Debug|Any CPU
		{0A6F4600-B60E-4E29-A2D9-D9D84DC1C509}.Debug|Any CPU.Build.0 = Debug|Any CPU
		{0A6F4600-B60E-4E29-A2D9-D9D84DC1C509}.Release|Any CPU.ActiveCfg = Release|Any CPU
		{0A6F4600-B60E-4E29-A2D9-D9D84DC1C509}.Release|Any CPU.Build.0 = Release|Any CPU
		{49DC9B85-615E-47B4-86E4-28A607FA4DC2}.Debug|Any CPU.ActiveCfg = Debug|Any CPU
		{49DC9B85-615E-47B4-86E4-28A607FA4DC2}.Debug|Any CPU.Build.0 = Debug|Any CPU
		{49DC9B85-615E-47B4-86E4-28A607FA4DC2}.Release|Any CPU.ActiveCfg = Release|Any CPU
		{49DC9B85-615E-47B4-86E4-28A607FA4DC2}.Release|Any CPU.Build.0 = Release|Any CPU
	EndGlobalSection
	GlobalSection(SolutionProperties) = preSolution
		HideSolutionNode = FALSE
	EndGlobalSection
EndGlobal
